
Microsoft Visual Studio Solution File, Format Version 12.00
# Visual Studio Version 17
VisualStudioVersion = 17.0.31903.59
MinimumVisualStudioVersion = 10.0.40219.1
Project("{2150E333-8FDC-42A3-9474-1A3956D46DE8}") = "src", "src", "{827E0CD3-B72D-47B6-A68D-7590B98EB39B}"
EndProject
Project("{FAE04EC0-301F-11D3-BF4B-00C04F79EFBC}") = "Rowvane.Gate.Analytics", "src\Rowvane.Gate.Analytics\Rowvane.Gate.Analytics.csproj", "{2D4F216F-DD59-464A-BE6C-0AE597A25F29}"
EndProject
Project("{FAE04EC0-301F-11D3-BF4B-00C04F79EFBC}") = "Rowvane.Gate.Api", "src\Rowvane.Gate.Api\Rowvane.Gate.Api.csproj", "{1C0063EE-D50E-4DB5-ADCD-B36A45A111FB}"
EndProject
Project("{FAE04EC0-301F-11D3-BF4B-00C04F79EFBC}") = "Rowvane.Gate.Core", "src\Rowvane.Gate.Core\Rowvane.Gate.Core.csproj", "{4C0B18D4-724F-4D4F-B582-34A6374CA02D}"
EndProject
Project("{FAE04EC0-301F-11D3-BF4B-00C04F79EFBC}") = "Rowvane.Gate.Engine", "src\Rowvane.Gate.Engine\Rowvane.Gate.Engine.csproj", "{F827352B-F82D-48C9-8EA0-4D4E1431B672}"
EndProject
Project("{FAE04EC0-301F-11D3-BF4B-00C04F79EFBC}") = "Rowvane.Gate.Readers", "src\Rowvane.Gate.Readers\Rowvane.Gate.Readers.csproj", "{FDAA5D9A-EA07-45BC-A8D5-C6E4D2412BD0}"
EndProject
Project("{FAE04EC0-301F-11D3-BF4B-00C04F79EFBC}") = "Rowvane.Gate.Schemas", "src\Rowvane.Gate.Schemas\Rowvane.Gate.Schemas.csproj", "{C2824BE6-7E39-413D-AFA6-286EFCFADA3E}"
EndProject
Project("{2150E333-8FDC-42A3-9474-1A3956D46DE8}") = "tests", "tests", "{0AB3BF05-4346-4AA6-1389-037BE0695223}"
EndProject
Project("{FAE04EC0-301F-11D3-BF4B-00C04F79EFBC}") = "Rowvane.Gate.Tests", "tests\Rowvane.Gate.Tests\Rowvane.Gate.Tests.csproj", "{C480754D-4AA0-4B54-8417-58939FEF0CFB}"
EndProject
Global
	GlobalSection(SolutionConfigurationPlatforms) = preSolution
		Debug|Any CPU = Debug|Any CPU
		Debug|x64 = Debug|x64
		Debug|x86 = Debug|x86
		Release|Any CPU = Release|Any CPU
		Release|x64 = Release|x64
		Release|x86 = Release|x86
	EndGlobalSection
	GlobalSection(ProjectConfigurationPlatforms) = postSolution
		{2D4F216F-DD59-464A-BE6C-0AE597A25F29}.Debug|Any CPU.ActiveCfg = Debug|Any CPU
		{2D4F216F-DD59-464A-BE6C-0AE597A25F29}.Debug|Any CPU.Build.0 = Debug|Any CPU
		{2D4F216F-DD59-464A-BE6C-0AE597A25F29}.Debug|x64.ActiveCfg = Debug|Any CPU
		{2D4F216F-DD59-464A-BE6C-0AE597A25F29}.Debug|x64.Build.0 = Debug|Any CPU
		{2D4F216F-DD59-464A-BE6C-0AE597A25F29}.Debug|x86.ActiveCfg = Debug|Any CPU
		{2D4F216F-DD59-464A-BE6C-0AE597A25F29}.Debug|x86.Build.0 = Debug|Any CPU
		{2D4F216F-DD59-464A-BE6C-0AE597A25F29}.Release|Any CPU.ActiveCfg = Release|Any CPU
		{2D4F216F-DD59-464A-BE6C-0AE597A25F29}.Release|Any CPU.Build.0 = Release|Any CPU
		{2D4F216F-DD59-464A-BE6C-0AE597A25F29}.Release|x64.ActiveCfg = Release|Any CPU
		{2D4F216F-DD59-464A-BE6C-0AE597A25F29}.Release|x64.Build.0 = Release|Any CPU
		{2D4F216F-DD59-464A-BE6C-0AE597A25F29}.Release|x86.ActiveCfg = Release|Any CPU
		{2D4F216F-DD59-464A-BE6C-0AE597A25F29}.Release|x86.Build.0 = Release|Any CPU
		{1C0063EE-D50E-4DB5-ADCD-B36A45A111FB}.Debug|Any CPU.ActiveCfg = Debug|Any CPU
		{1C0063EE-D50E-4DB5-ADCD-B36A45A111FB}.Debug|Any CPU.Build.0 = Debug|Any CPU
		{1C0063EE-D50E-4DB5-ADCD-B36A45A111FB}.Debug|x64.ActiveCfg = Debug|Any CPU
		{1C0063EE-D50E-4DB5-ADCD-B36A45A111FB}.Debug|x64.Build.0 = Debug|Any CPU
		{1C0063EE-D50E-4DB5-ADCD-B36A45A111FB}.Debug|x86.ActiveCfg = Debug|Any CPU
		{1C0063EE-D50E-4DB5-ADCD-B36A45A111FB}.Debug|x86.Build.0 = Debug|Any CPU
		{1C0063EE-D50E-4DB5-ADCD-B36A45A111FB}.Release|Any CPU.ActiveCfg = Release|Any CPU
		{1C0063EE-D50E-4DB5-ADCD-B36A45A111FB}.Release|Any CPU.Build.0 = Release|Any CPU
		{1C0063EE-D50E-4DB5-ADCD-B36A45A111FB}.Release|x64.ActiveCfg = Release|Any CPU
		{1C0063EE-D50E-4DB5-ADCD-B36A45A111FB}.Release|x64.Build.0 = Release|Any CPU
		{1C0063EE-D50E-4DB5-ADCD-B36A45A111FB}.Release|x86.ActiveCfg = Release|Any CPU
		{1C0063EE-D50E-4DB5-ADCD-B36A45A111FB}.Release|x86.Build.0 = Release|Any CPU
		{4C0B18D4-724F-4D4F-B582-34A6374CA02D}.Debug|Any CPU.ActiveCfg = Debug|Any CPU
		{4C0B18D4-724F-4D4F-B582-34A6374CA02D}.Debug|Any CPU.Build.0 = Debug|Any CPU
		{4C0B18D4-724F-4D4F-B582-34A6374CA02D}.Debug|x64.ActiveCfg = Debug|Any CPU
		{4C0B18D4-724F-4D4F-B582-34A6374CA02D}.Debug|x64.Build.0 = Debug|Any CPU
		{4C0B18D4-724F-4D4F-B582-34A6374CA02D}.Debug|x86.ActiveCfg = Debug|Any CPU
		{4C0B18D4-724F-4D4F-B582-34A6374CA02D}.Debug|x86.Build.0 = Debug|Any CPU
		{4C0B18D4-724F-4D4F-B582-34A6374CA02D}.Release|Any CPU.ActiveCfg = Release|Any CPU
		{4C0B18D4-724F-4D4F-B582-34A6374CA02D}.Release|Any CPU.Build.0 = Release|Any CPU
		{4C0B18D4-724F-4D4F-B582-34A6374CA02D}.Release|x64.ActiveCfg = Release|Any CPU
		{4C0B18D4-724F-4D4F-B582-34A6374CA02D}.Release|x64.Build.0 = Release|Any CPU
		{4C0B18D4-724F-4D4F-B582-34A6374CA02D}.Release|x86.ActiveCfg = Release|Any CPU
		{4C0B18D4-724F-4D4F-B582-34A6374CA02D}.Release|x86.Build.0 = Release|Any CPU
		{F827352B-F82D-48C9-8EA0-4D4E1431B672}.Debug|Any CPU.ActiveCfg = Debug|Any CPU
		{F827352B-F82D-48C9-8EA0-4D4E1431B672}.Debug|Any CPU.Build.0 = Debug|Any CPU
		{F827352B-F82D-48C9-8EA0-4D4E1431B672}.Debug|x64.ActiveCfg = Debug|Any CPU
		{F827352B-F82D-48C9-8EA0-4D4E1431B672}.Debug|x64.Build.0 = Debug|Any CPU
		{F827352B-F82D-48C9-8EA0-4D4E1431B672}.Debug|x86.ActiveCfg = Debug|Any CPU
		{F827352B-F82D-48C9-8EA0-4D4E1431B672}.Debug|x86.Build.0 = Debug|Any CPU
		{F827352B-F82D-48C9-8EA0-4D4E1431B672}.Release|Any CPU.ActiveCfg = Release|Any CPU
		{F827352B-F82D-48C9-8EA0-4D4E1431B672}.Release|Any CPU.Build.0 = Release|Any CPU
		{F827352B-F82D-48C9-8EA0-4D4E1431B672}.Release|x64.ActiveCfg = Release|Any CPU
		{F827352B-F82D-48C9-8EA0-4D4E1431B672}.Release|x64.Build.0 = Release|Any CPU
		{F827352B-F82D-48C9-8EA0-4D4E1431B672}.Release|x86.ActiveCfg = Release|Any CPU
		{F827352B-F82D-48C9-8EA0-4D4E1431B672}.Release|x86.Build.0 = Release|Any CPU
		{FDAA5D9A-EA07-45BC-A8D5-C6E4D2412BD0}.Debug|Any CPU.ActiveCfg = Debug|Any CPU
		{FDAA5D9A-EA07-45BC-A8D5-C6E4D2412BD0}.Debug|Any CPU.Build.0 = Debug|Any CPU
		{FDAA5D9A-EA07-45BC-A8D5-C6E4D2412BD0}.Debug|x64.ActiveCfg = Debug|Any CPU
		{FDAA5D9A-EA07-45BC-A8D5-C6E4D2412BD0}.Debug|x64.Build.0 = Debug|Any CPU
		{FDAA5D9A-EA07-45BC-A8D5-C6E4D2412BD0}.Debug|x86.ActiveCfg = Debug|Any CPU
		{FDAA5D9A-EA07-45BC-A8D5-C6E4D2412BD0}.Debug|x86.Build.0 = Debug|Any CPU
		{FDAA5D9A-EA07-45BC-A8D5-C6E4D2412BD0}.Release|Any CPU.ActiveCfg = Release|Any CPU
		{FDAA5D9A-EA07-45BC-A8D5-C6E4D2412BD0}.Release|Any CPU.Build.0 = Release|Any CPU
		{FDAA5D9A-EA07-45BC-A8D5-C6E4D2412BD0}.Release|x64.ActiveCfg = Release|Any CPU
		{FDAA5D9A-EA07-45BC-A8D5-C6E4D2412BD0}.Release|x64.Build.0 = Release|Any CPU
		{FDAA5D9A-EA07-45BC-A8D5-C6E4D2412BD0}.Release|x86.ActiveCfg = Release|Any CPU
		{FDAA5D9A-EA07-45BC-A8D5-C6E4D2412BD0}.Release|x86.Build.0 = Release|Any CPU
		{C2824BE6-7E39-413D-AFA6-286EFCFADA3E}.Debug|Any CPU.ActiveCfg = Debug|Any CPU
		{C2824BE6-7E39-413D-AFA6-286EFCFADA3E}.Debug|Any CPU.Build.0 = Debug|Any CPU
		{C2824BE6-7E39-413D-AFA6-286EFCFADA3E}.Debug|x64.ActiveCfg = Debug|Any CPU
		{C2824BE6-7E39-413D-AFA6-286EFCFADA3E}.Debug|x64.Build.0 = Debug|Any CPU
		{C2824BE6-7E39-413D-AFA6-286EFCFADA3E}.Debug|x86.ActiveCfg = Debug|Any CPU
		{C2824BE6-7E39-413D-AFA6-286EFCFADA3E}.Debug|x86.Build.0 = Debug|Any CPU
		{C2824BE6-7E39-413D-AFA6-286EFCFADA3E}.Release|Any CPU.ActiveCfg = Release|Any CPU
		{C2824BE6-7E39-413D-AFA6-286EFCFADA3E}.Release|Any CPU.Build.0 = Release|Any CPU
		{C2824BE6-7E39-413D-AFA6-286EFCFADA3E}.Release|x64.ActiveCfg = Release|Any CPU
		{C2824BE6-7E39-413D-AFA6-286EFCFADA3E}.Release|x64.Build.0 = Release|Any CPU
		{C2824BE6-7E39-413D-AFA6-286EFCFADA3E}.Release|x86.ActiveCfg = Release|Any CPU
		{C2824BE6-7E39-413D-AFA6-286EFCFADA3E}.Release|x86.Build.0 = Release|Any CPU
		{C480754D-4AA0-4B54-8417-58939FEF0CFB}.Debug|Any CPU.ActiveCfg = Debug|Any CPU
		{C480754D-4AA0-4B54-8417-58939FEF0CFB}.Debug|Any CPU.Build.0 = Debug|Any CPU
		{C480754D-4AA0-4B54-8417-58939FEF0CFB}.Debug|x64.ActiveCfg = Debug|Any CPU
		{C480754D-4AA0-4B54-8417-58939FEF0CFB}.Debug|x64.Build.0 = Debug|Any CPU
		{C480754D-4AA0-4B54-8417-58939FEF0CFB}.Debug|x86.ActiveCfg = Debug|Any CPU
		{C480754D-4AA0-4B54-8417-58939FEF0CFB}.Debug|x86.Build.0 = Debug|Any CPU
		{C480754D-4AA0-4B54-8417-58939FEF0CFB}.Release|Any CPU.ActiveCfg = Release|Any CPU
		{C480754D-4AA0-4B54-8417-58939FEF0CFB}.Release|Any CPU.Build.0 = Release|Any CPU
		{C480754D-4AA0-4B54-8417-58939FEF0CFB}.Release|x64.ActiveCfg = Release|Any CPU
		{C480754D-4AA0-4B54-8417-58939FEF0CFB}.Release|x64.Build.0 = Release|Any CPU
		{C480754D-4AA0-4B54-8417-58939FEF0CFB}.Release|x86.ActiveCfg = Release|Any CPU
		{C480754D-4AA0-4B54-8417-58939FEF0CFB}.Release|x86.Build.0 = Release|Any CPU
	EndGlobalSection
	GlobalSection(SolutionProperties) = preSolution
		HideSolutionNode = FALSE
	EndGlobalSection
	GlobalSection(NestedProjects) = preSolution
		{2D4F216F-DD59-464A-BE6C-0AE597A25F29} = {827E0CD3-B72D-47B6-A68D-7590B98EB39B}
		{1C0063EE-D50E-4DB5-ADCD-B36A45A111FB} = {827E0CD3-B72D-47B6-A68D-7590B98EB39B}
		{4C0B18D4-724F-4D4F-B582-34A6374CA02D} = {827E0CD3-B72D-47B6-A68D-7590B98EB39B}
		{F827352B-F82D-48C9-8EA0-4D4E1431B672} = {827E0CD3-B72D-47B6-A68D-7590B98EB39B}
		{FDAA5D9A-EA07-45BC-A8D5-C6E4D2412BD0} = {827E0CD3-B72D-47B6-A68D-7590B98EB39B}
		{C2824BE6-7E39-413D-AFA6-286EFCFADA3E} = {827E0CD3-B72D-47B6-A68D-7590B98EB39B}
		{C480754D-4AA0-4B54-8417-58939FEF0CFB} = {0AB3BF05-4346-4AA6-1389-037BE0695223}
	EndGlobalSection
EndGlobal
